
Microsoft Visual Studio Solution File, Format Version 12.00
# Visual Studio Version 16
VisualStudioVersion = 16.0.30204.135
MinimumVisualStudioVersion = 10.0.40219.1
Project("{FAE04EC0-301F-11D3-BF4B-00C04F79EFBC}") = "MyMall", "MyMall\MyMall.csproj", "{1AEC11D7-DFCC-4E25-B456-52A434C34ACF}"
EndProject
Project("{FAE04EC0-301F-11D3-BF4B-00C04F79EFBC}") = "MyMall.Tests", "MyMall.Tests\MyMall.Tests.csproj", "{3E56645B-A66A-4109-BA02-966EFBA98A75}"
EndProject
Project("{FAE04EC0-301F-11D3-BF4B-00C04F79EFBC}") = "MyModels", "MyModels\MyModels.csproj", "{0CA8CEAA-DB89-4EA5-AD04-4747517C91C3}"
EndProject
Project("{FAE04EC0-301F-11D3-BF4B-00C04F79EFBC}") = "Params", "Params\Params.csproj", "{D49D060D-0E8A-40CF-A412-67DE7D18C38F}"
EndProject
Project("{8BC9CEB8-8B4A-11D0-8D11-00A0C91BC942}") = "Warnings", "Warnings\Warnings.vcxproj", "{900C0D0C-DD94-4D8A-859A-B0919F3F7993}"
EndProject
Project("{FAE04EC0-301F-11D3-BF4B-00C04F79EFBC}") = "Utils", "Utils\Utils.csproj", "{A0EC33B3-34FB-4637-B386-B9524EF8137C}"
EndProject
Project("{8BC9CEB8-8B4A-11D0-8D11-00A0C91BC942}") = "Win32Dll", "Win32Dll\Win32Dll.vcxproj", "{0A0EE71C-2788-4E76-8078-25F7D667C132}"
EndProject
Project("{8BC9CEB8-8B4A-11D0-8D11-00A0C91BC942}") = "ATLProject1", "ATLProject1\ATLProject1.vcxproj", "{57F12D6F-191C-42FE-AD1F-6B1BC1D73740}"
EndProject
Global
	GlobalSection(SolutionConfigurationPlatforms) = preSolution
		Debug|Any CPU = Debug|Any CPU
		Debug|x64 = Debug|x64
		Debug|x86 = Debug|x86
		Release|Any CPU = Release|Any CPU
		Release|x64 = Release|x64
		Release|x86 = Release|x86
	EndGlobalSection
	GlobalSection(ProjectConfigurationPlatforms) = postSolution
		{1AEC11D7-DFCC-4E25-B456-52A434C34ACF}.Debug|Any CPU.ActiveCfg = Debug|Any CPU
		{1AEC11D7-DFCC-4E25-B456-52A434C34ACF}.Debug|Any CPU.Build.0 = Debug|Any CPU
		{1AEC11D7-DFCC-4E25-B456-52A434C34ACF}.Debug|x64.ActiveCfg = Debug|Any CPU
		{1AEC11D7-DFCC-4E25-B456-52A434C34ACF}.Debug|x64.Build.0 = Debug|Any CPU
		{1AEC11D7-DFCC-4E25-B456-52A434C34ACF}.Debug|x86.ActiveCfg = Debug|Any CPU
		{1AEC11D7-DFCC-4E25-B456-52A434C34ACF}.Debug|x86.Build.0 = Debug|Any CPU
		{1AEC11D7-DFCC-4E25-B456-52A434C34ACF}.Release|Any CPU.ActiveCfg = Release|Any CPU
		{1AEC11D7-DFCC-4E25-B456-52A434C34ACF}.Release|Any CPU.Build.0 = Release|Any CPU
		{1AEC11D7-DFCC-4E25-B456-52A434C34ACF}.Release|x64.ActiveCfg = Release|Any CPU
		{1AEC11D7-DFCC-4E25-B456-52A434C34ACF}.Release|x64.Build.0 = Release|Any CPU
		{1AEC11D7-DFCC-4E25-B456-52A434C34ACF}.Release|x86.ActiveCfg = Release|Any CPU
		{1AEC11D7-DFCC-4E25-B456-52A434C34ACF}.Release|x86.Build.0 = Release|Any CPU
		{3E56645B-A66A-4109-BA02-966EFBA98A75}.Debug|Any CPU.ActiveCfg = Debug|Any CPU
		{3E56645B-A66A-4109-BA02-966EFBA98A75}.Debug|Any CPU.Build.0 = Debug|Any CPU
		{3E56645B-A66A-4109-BA02-966EFBA98A75}.Debug|x64.ActiveCfg = Debug|Any CPU
		{3E56645B-A66A-4109-BA02-966EFBA98A75}.Debug|x64.Build.0 = Debug|Any CPU
		{3E56645B-A66A-4109-BA02-966EFBA98A75}.Debug|x86.ActiveCfg = Debug|Any CPU
		{3E56645B-A66A-4109-BA02-966EFBA98A75}.Debug|x86.Build.0 = Debug|Any CPU
		{3E56645B-A66A-4109-BA02-966EFBA98A75}.Release|Any CPU.ActiveCfg = Release|Any CPU
		{3E56645B-A66A-4109-BA02-966EFBA98A75}.Release|Any CPU.Build.0 = Release|Any CPU
		{3E56645B-A66A-4109-BA02-966EFBA98A75}.Release|x64.ActiveCfg = Release|Any CPU
		{3E56645B-A66A-4109-BA02-966EFBA98A75}.Release|x64.Build.0 = Release|Any CPU
		{3E56645B-A66A-4109-BA02-966EFBA98A75}.Release|x86.ActiveCfg = Release|Any CPU
		{3E56645B-A66A-4109-BA02-966EFBA98A75}.Release|x86.Build.0 = Release|Any CPU
		{0CA8CEAA-DB89-4EA5-AD04-4747517C91C3}.Debug|Any CPU.ActiveCfg = Debug|Any CPU
		{0CA8CEAA-DB89-4EA5-AD04-4747517C91C3}.Debug|Any CPU.Build.0 = Debug|Any CPU
		{0CA8CEAA-DB89-4EA5-AD04-4747517C91C3}.Debug|x64.ActiveCfg = Debug|Any CPU
		{0CA8CEAA-DB89-4EA5-AD04-4747517C91C3}.Debug|x64.Build.0 = Debug|Any CPU
		{0CA8CEAA-DB89-4EA5-AD04-4747517C91C3}.Debug|x86.ActiveCfg = Debug|Any CPU
		{0CA8CEAA-DB89-4EA5-AD04-4747517C91C3}.Debug|x86.Build.0 = Debug|Any CPU
		{0CA8CEAA-DB89-4EA5-AD04-4747517C91C3}.Release|Any CPU.ActiveCfg = Release|Any CPU
		{0CA8CEAA-DB89-4EA5-AD04-4747517C91C3}.Release|Any CPU.Build.0 = Release|Any CPU
		{0CA8CEAA-DB89-4EA5-AD04-4747517C91C3}.Release|x64.ActiveCfg = Release|Any CPU
		{0CA8CEAA-DB89-4EA5-AD04-4747517C91C3}.Release|x64.Build.0 = Release|Any CPU
		{0CA8CEAA-DB89-4EA5-AD04-4747517C91C3}.Release|x86.ActiveCfg = Release|Any CPU
		{0CA8CEAA-DB89-4EA5-AD04-4747517C91C3}.Release|x86.Build.0 = Release|Any CPU
		{D49D060D-0E8A-40CF-A412-67DE7D18C38F}.Debug|Any CPU.ActiveCfg = Debug|Any CPU
		{D49D060D-0E8A-40CF-A412-67DE7D18C38F}.Debug|Any CPU.Build.0 = Debug|Any CPU
		{D49D060D-0E8A-40CF-A412-67DE7D18C38F}.Debug|x64.ActiveCfg = Debug|Any CPU
		{D49D060D-0E8A-40CF-A412-67DE7D18C38F}.Debug|x64.Build.0 = Debug|Any CPU
		{D49D060D-0E8A-40CF-A412-67DE7D18C38F}.Debug|x86.ActiveCfg = Debug|Any CPU
		{D49D060D-0E8A-40CF-A412-67DE7D18C38F}.Debug|x86.Build.0 = Debug|Any CPU
		{D49D060D-0E8A-40CF-A412-67DE7D18C38F}.Release|Any CPU.ActiveCfg = Release|Any CPU
		{D49D060D-0E8A-40CF-A412-67DE7D18C38F}.Release|Any CPU.Build.0 = Release|Any CPU
		{D49D060D-0E8A-40CF-A412-67DE7D18C38F}.Release|x64.ActiveCfg = Release|Any CPU
		{D49D060D-0E8A-40CF-A412-67DE7D18C38F}.Release|x64.Build.0 = Release|Any CPU
		{D49D060D-0E8A-40CF-A412-67DE7D18C38F}.Release|x86.ActiveCfg = Release|Any CPU
		{D49D060D-0E8A-40CF-A412-67DE7D18C38F}.Release|x86.Build.0 = Release|Any CPU
		{900C0D0C-DD94-4D8A-859A-B0919F3F7993}.Debug|Any CPU.ActiveCfg = Debug|x64
		{900C0D0C-DD94-4D8A-859A-B0919F3F7993}.Debug|Any CPU.Build.0 = Debug|x64
		{900C0D0C-DD94-4D8A-859A-B0919F3F7993}.Debug|x64.ActiveCfg = Debug|x64
		{900C0D0C-DD94-4D8A-859A-B0919F3F7993}.Debug|x64.Build.0 = Debug|x64
		{900C0D0C-DD94-4D8A-859A-B0919F3F7993}.Debug|x86.ActiveCfg = Debug|x64
		{900C0D0C-DD94-4D8A-859A-B0919F3F7993}.Debug|x86.Build.0 = Debug|x64
		{900C0D0C-DD94-4D8A-859A-B0919F3F7993}.Release|Any CPU.ActiveCfg = Release|Win32
		{900C0D0C-DD94-4D8A-859A-B0919F3F7993}.Release|x64.ActiveCfg = Release|x64
		{900C0D0C-DD94-4D8A-859A-B0919F3F7993}.Release|x64.Build.0 = Release|x64
		{900C0D0C-DD94-4D8A-859A-B0919F3F7993}.Release|x86.ActiveCfg = Release|Win32
		{900C0D0C-DD94-4D8A-859A-B0919F3F7993}.Release|x86.Build.0 = Release|Win32
		{A0EC33B3-34FB-4637-B386-B9524EF8137C}.Debug|Any CPU.ActiveCfg = Debug|Any CPU
		{A0EC33B3-34FB-4637-B386-B9524EF8137C}.Debug|Any CPU.Build.0 = Debug|Any CPU
		{A0EC33B3-34FB-4637-B386-B9524EF8137C}.Debug|x64.ActiveCfg = Debug|Any CPU
		{A0EC33B3-34FB-4637-B386-B9524EF8137C}.Debug|x64.Build.0 = Debug|Any CPU
		{A0EC33B3-34FB-4637-B386-B9524EF8137C}.Debug|x86.ActiveCfg = Debug|Any CPU
		{A0EC33B3-34FB-4637-B386-B9524EF8137C}.Debug|x86.Build.0 = Debug|Any CPU
		{A0EC33B3-34FB-4637-B386-B9524EF8137C}.Release|Any CPU.ActiveCfg = Release|Any CPU
		{A0EC33B3-34FB-4637-B386-B9524EF8137C}.Release|Any CPU.Build.0 = Release|Any CPU
		{A0EC33B3-34FB-4637-B386-B9524EF8137C}.Release|x64.ActiveCfg = Release|Any CPU
		{A0EC33B3-34FB-4637-B386-B9524EF8137C}.Release|x64.Build.0 = Release|Any CPU
		{A0EC33B3-34FB-4637-B386-B9524EF8137C}.Release|x86.ActiveCfg = Release|Any CPU
		{A0EC33B3-34FB-4637-B386-B9524EF8137C}.Release|x86.Build.0 = Release|Any CPU
		{0A0EE71C-2788-4E76-8078-25F7D667C132}.Debug|Any CPU.ActiveCfg = Debug|Win32
		{0A0EE71C-2788-4E76-8078-25F7D667C132}.Debug|Any CPU.Build.0 = Debug|Win32
		{0A0EE71C-2788-4E76-8078-25F7D667C132}.Debug|x64.ActiveCfg = Debug|x64
		{0A0EE71C-2788-4E76-8078-25F7D667C132}.Debug|x64.Build.0 = Debug|x64
		{0A0EE71C-2788-4E76-8078-25F7D667C132}.Debug|x86.ActiveCfg = Debug|Win32
		{0A0EE71C-2788-4E76-8078-25F7D667C132}.Debug|x86.Build.0 = Debug|Win32
		{0A0EE71C-2788-4E76-8078-25F7D667C132}.Release|Any CPU.ActiveCfg = Release|Win32
		{0A0EE71C-2788-4E76-8078-25F7D667C132}.Release|x64.ActiveCfg = Release|x64
		{0A0EE71C-2788-4E76-8078-25F7D667C132}.Release|x64.Build.0 = Release|x64
		{0A0EE71C-2788-4E76-8078-25F7D667C132}.Release|x86.ActiveCfg = Release|Win32
		{0A0EE71C-2788-4E76-8078-25F7D667C132}.Release|x86.Build.0 = Release|Win32
		{57F12D6F-191C-42FE-AD1F-6B1BC1D73740}.Debug|Any CPU.ActiveCfg = Debug|Win32
		{57F12D6F-191C-42FE-AD1F-6B1BC1D73740}.Debug|x64.ActiveCfg = Debug|x64
		{57F12D6F-191C-42FE-AD1F-6B1BC1D73740}.Debug|x64.Build.0 = Debug|x64
		{57F12D6F-191C-42FE-AD1F-6B1BC1D73740}.Debug|x86.ActiveCfg = Debug|Win32
		{57F12D6F-191C-42FE-AD1F-6B1BC1D73740}.Debug|x86.Build.0 = Debug|Win32
		{57F12D6F-191C-42FE-AD1F-6B1BC1D73740}.Release|Any CPU.ActiveCfg = Release|Win32
		{57F12D6F-191C-42FE-AD1F-6B1BC1D73740}.Release|x64.ActiveCfg = Release|x64
		{57F12D6F-191C-42FE-AD1F-6B1BC1D73740}.Release|x64.Build.0 = Release|x64
		{57F12D6F-191C-42FE-AD1F-6B1BC1D73740}.Release|x86.ActiveCfg = Release|Win32
		{57F12D6F-191C-42FE-AD1F-6B1BC1D73740}.Release|x86.Build.0 = Release|Win32
	EndGlobalSection
	GlobalSection(SolutionProperties) = preSolution
		HideSolutionNode = FALSE
	EndGlobalSection
	GlobalSection(ExtensibilityGlobals) = postSolution
		SolutionGuid = {2F1CF9B2-3338-4A86-ACA7-57E048175516}
	EndGlobalSection
EndGlobal
